{
  "lockfile-version": 1,
  "manifest": {
    "schema-version": "1.16.0",
    "install": {
      "beads": {
        "pkg-path": "beads"
      },
      "python314": {
        "pkg-path": "python314"
      },
      "uv": {
        "pkg-path": "uv"
      }
    },
    "hook": {},
    "profile": {},
    "options": {}
  },
  "packages": [
    {
      "attr_path": "beads",
      "broken": false,
      "derivation": "/nix/store/d0rd9805b45wiz4mv4bmhhi0gy4nf4fh-beads-1.0.3.drv",
      "description": "Lightweight memory system for AI coding agents with graph-based issue tracking",
      "install_id": "beads",
      "license": "MIT",
      "locked_url": "https://github.com/flox/nixpkgs?rev=c043004d1c6985732bcc1cbc5a9c9aecbbb4e0f0",
      "name": "beads-1.0.3",
      "pname": "beads",
      "rev": "c043004d1c6985732bcc1cbc5a9c9aecbbb4e0f0",
      "rev_count": 1068089,
      "rev_date": "2026-09-05T13:27:54Z",
      "scrape_date": "2026-09-06T04:57:28.769905Z",
      "stabilities": [
        "unstable"
      ],
      "unfree": false,
      "version": "1.0.3",
      "outputs_to_install": [
        "out"
      ],
      "outputs": {
        "out": "/nix/store/ilkq2ihrf17z1fm522map9302ixbcvnx-beads-1.0.3"
      },
      "system": "aarch64-darwin",
      "group": "toplevel",
      "priority": 5
    },
    {
      "attr_path": "beads",
      "broken": false,
      "derivation": "/nix/store/91il64y9aa89v6hwadjikyvmpjbbfa84-beads-1.0.3.drv",
      "description": "Lightweight memory system for AI coding agents with graph-based issue tracking",
      "install_id": "beads",
      "license": "MIT",
      "locked_url": "https://github.com/flox/nixpkgs?rev=c043004d1c6985732bcc1cbc5a9c9aecbbb4e0f0",
      "name": "beads-1.0.3",
      "pname": "beads",
      "rev": "c043004d1c6985732bcc1cbc5a9c9aecbbb4e0f0",
      "rev_count": 1068089,
      "rev_date": "2026-09-05T13:27:54Z",
      "scrape_date": "2026-09-06T05:28:37.013762Z",
      "stabilities": [
        "unstable"
      ],
      "unfree": false,
      "version": "1.0.3",
      "outputs_to_install": [
        "out"
      ],
      "outputs": {
        "out": "/nix/store/0m0cpwjz33bhqqj6cnvfiiziqd833wdc-beads-1.0.3"
      },
      "system": "aarch64-linux",
      "group": "toplevel",
      "priority": 5
    },
    {
      "attr_path": "beads",
      "broken": false,
      "derivation": "/nix/store/dr5hxr7hp7bpc0130vgazv63qzja6m12-beads-1.0.3.drv",
      "description": "Lightweight memory system for AI coding agents with graph-based issue tracking",
      "install_id": "beads",
      "license": "MIT",
      "locked_url": "https://github.com/flox/nixpkgs?rev=c043004d1c6985732bcc1cbc5a9c9aecbbb4e0f0",
      "name": "beads-1.0.3",
      "pname": "beads",
      "rev": "c043004d1c6985732bcc1cbc5a9c9aecbbb4e0f0",
      "rev_count": 1068089,
      "rev_date": "2026-09-05T13:27:54Z",
      "scrape_date": "2026-09-06T06:05:11.462292Z",
      "stabilities": [
        "unstable"
      ],
      "unfree": false,
      "version": "1.0.3",
      "outputs_to_install": [
        "out"
      ],
      "outputs": {
        "out": "/nix/store/9c3daxb78cz1axq5vwizr87nx8l1vwn8-beads-1.0.3"
      },
      "system": "x86_64-linux",
      "group": "toplevel",
      "priority": 5
    },
    {
      "attr_path": "python314",
      "broken": false,
      "derivation": "/nix/store/95v2bm1jc36bnzq196428g2hanwlv3d0-python3-3.14.7.drv",
      "description": "High-level dynamically-typed programming language",
      "install_id": "python314",
      "license": "Python-2.0",
      "locked_url": "https://github.com/flox/nixpkgs?rev=c043004d1c6985732bcc1cbc5a9c9aecbbb4e0f0",
      "name": "python3-3.14.7",
      "pname": "python314",
      "rev": "c043004d1c6985732bcc1cbc5a9c9aecbbb4e0f0",
      "rev_count": 1068089,
      "rev_date": "2026-09-05T13:27:54Z",
      "scrape_date": "2026-09-06T04:58:33.775931Z",
      "stabilities": [
        "unstable"
      ],
      "unfree": false,
      "version": "python3-3.14.7",
      "outputs_to_install": [
        "out",
        "out",
        "out",
        "out"
      ],
      "outputs": {
        "out": "/nix/store/k07j8cq0iyvna81qlhwxz8xq6pkz02z8-python3-3.14.7"
      },
      "system": "aarch64-darwin",
      "group": "toplevel",
      "priority": 5
    },
    {
      "attr_path": "python314",
      "broken": false,
      "derivation": "/nix/store/q1411gy81h7yhi7y2ql7cj9rigxf2cq3-python3-3.14.7.drv",
      "description": "High-level dynamically-typed programming language",
      "install_id": "python314",
      "license": "Python-2.0",
      "locked_url": "https://github.com/flox/nixpkgs?rev=c043004d1c6985732bcc1cbc5a9c9aecbbb4e0f0",
      "name": "python3-3.14.7",
      "pname": "python314",
      "rev": "c043004d1c6985732bcc1cbc5a9c9aecbbb4e0f0",
      "rev_count": 1068089,
      "rev_date": "2026-09-05T13:27:54Z",
      "scrape_date": "2026-09-06T05:30:05.774878Z",
      "stabilities": [
        "unstable"
      ],
      "unfree": false,
      "version": "python3-3.14.7",
      "outputs_to_install": [
        "out",
        "out",
        "out",
        "out"
      ],
      "outputs": {
        "debug": "/nix/store/0pl3kd98nqzrdpskx973gglbh25cns80-python3-3.14.7-debug",
        "out": "/nix/store/lfh101cfjj8p8npcari9hk0lbqi33yvh-python3-3.14.7"
      },
      "system": "aarch64-linux",
      "group": "toplevel",
      "priority": 5
    },
    {
      "attr_path": "python314",
      "broken": false,
      "derivation": "/nix/store/fvbc4g2s1pqvkrmrnq2ycd5kg5f2zsyy-python3-3.14.7.drv",
      "description": "High-level dynamically-typed programming language",
      "install_id": "python314",
      "license": "Python-2.0",
      "locked_url": "https://github.com/flox/nixpkgs?rev=c043004d1c6985732bcc1cbc5a9c9aecbbb4e0f0",
      "name": "python3-3.14.7",
      "pname": "python314",
      "rev": "c043004d1c6985732bcc1cbc5a9c9aecbbb4e0f0",
      "rev_count": 1068089,
      "rev_date": "2026-09-05T13:27:54Z",
      "scrape_date": "2026-09-06T06:06:46.856575Z",
      "stabilities": [
        "unstable"
      ],
      "unfree": false,
      "version": "python3-3.14.7",
      "outputs_to_install": [
        "out",
        "out",
        "out",
        "out",
        "out",
        "out"
      ],
      "outputs": {
        "debug": "/nix/store/dm1ysal713a16j2h1cf52vhf878yr0wd-python3-3.14.7-debug",
        "out": "/nix/store/b5bpi6zfajzzrwwpgba2q6li3nnya4bs-python3-3.14.7"
      },
      "system": "x86_64-linux",
      "group": "toplevel",
      "priority": 5
    },
    {
      "attr_path": "uv",
      "broken": false,
      "derivation": "/nix/store/7yf2a2h6f09345b48kmspdvbs41cgvp1-uv-0.12.5.drv",
      "description": "Extremely fast Python package installer and resolver, written in Rust",
      "install_id": "uv",
      "license": "[ Apache-2.0, MIT ]",
      "locked_url": "https://github.com/flox/nixpkgs?rev=c043004d1c6985732bcc1cbc5a9c9aecbbb4e0f0",
      "name": "uv-0.12.5",
      "pname": "uv",
      "rev": "c043004d1c6985732bcc1cbc5a9c9aecbbb4e0f0",
      "rev_count": 1068089,
      "rev_date": "2026-09-05T13:27:54Z",
      "scrape_date": "2026-09-06T05:00:14.714059Z",
      "stabilities": [
        "unstable"
      ],
      "unfree": false,
      "version": "0.12.5",
      "outputs_to_install": [
        "out"
      ],
      "outputs": {
        "out": "/nix/store/71zq15rr7i4avy58y89hfgf2lhp3b7la-uv-0.12.5"
      },
      "system": "aarch64-darwin",
      "group": "toplevel",
      "priority": 5
    },
    {
      "attr_path": "uv",
      "broken": false,
      "derivation": "/nix/store/dwqwaznkh6q023xrwharzyq17lbcbfx0-uv-0.12.5.drv",
      "description": "Extremely fast Python package installer and resolver, written in Rust",
      "install_id": "uv",
      "license": "[ Apache-2.0, MIT ]",
      "locked_url": "https://github.com/flox/nixpkgs?rev=c043004d1c6985732bcc1cbc5a9c9aecbbb4e0f0",
      "name": "uv-0.12.5",
      "pname": "uv",
      "rev": "c043004d1c6985732bcc1cbc5a9c9aecbbb4e0f0",
      "rev_count": 1068089,
      "rev_date": "2026-09-05T13:27:54Z",
      "scrape_date": "2026-09-06T05:32:15.401488Z",
      "stabilities": [
        "unstable"
      ],
      "unfree": false,
      "version": "0.12.5",
      "outputs_to_install": [
        "out"
      ],
      "outputs": {
        "out": "/nix/store/s2pqw31dkyrcym72fcdn0h9myl0yy9ix-uv-0.12.5"
      },
      "system": "aarch64-linux",
      "group": "toplevel",
      "priority": 5
    },
    {
      "attr_path": "uv",
      "broken": false,
      "derivation": "/nix/store/mszx1f9yy1dxj4v1m2wincdj57is67c5-uv-0.12.5.drv",
      "description": "Extremely fast Python package installer and resolver, written in Rust",
      "install_id": "uv",
      "license": "[ Apache-2.0, MIT ]",
      "locked_url": "https://github.com/flox/nixpkgs?rev=c043004d1c6985732bcc1cbc5a9c9aecbbb4e0f0",
      "name": "uv-0.12.5",
      "pname": "uv",
      "rev": "c043004d1c6985732bcc1cbc5a9c9aecbbb4e0f0",
      "rev_count": 1068089,
      "rev_date": "2026-09-05T13:27:54Z",
      "scrape_date": "2026-09-06T06:08:56.750443Z",
      "stabilities": [
        "unstable"
      ],
      "unfree": false,
      "version": "0.12.5",
      "outputs_to_install": [
        "out"
      ],
      "outputs": {
        "out": "/nix/store/v6av5m4035ds4558ax9sh0ywwnkjnd7b-uv-0.12.5"
      },
      "system": "x86_64-linux",
      "group": "toplevel",
      "priority": 5
    }
  ]
}
